
Microsoft Visual Studio Solution File, Format Version 12.00
# Visual Studio Version 16
VisualStudioVersion = 16.0.32413.511
MinimumVisualStudioVersion = 10.0.40219.1
Project("{FAE04EC0-301F-11D3-BF4B-00C04F79EFBC}") = "AppCadernoVirtual.UWP", "AppCadernoVirtual\AppCadernoVirtual.UWP\AppCadernoVirtual.UWP.csproj", "{03DD6B49-EAEC-4BF2-8FFD-EAF18750116B}"
EndProject
Project("{FAE04EC0-301F-11D3-BF4B-00C04F79EFBC}") = "AppCadernoVirtual.Android", "AppCadernoVirtual\AppCadernoVirtual.Android\AppCadernoVirtual.Android.csproj", "{759E6F00-FA8B-4E87-A4EB-1D2E5D083E08}"
EndProject
Project("{FAE04EC0-301F-11D3-BF4B-00C04F79EFBC}") = "AppCadernoVirtual.iOS", "AppCadernoVirtual\AppCadernoVirtual.iOS\AppCadernoVirtual.iOS.csproj", "{6C9445A8-4326-48C0-8B31-5703ABBC586B}"
EndProject
Project("{FAE04EC0-301F-11D3-BF4B-00C04F79EFBC}") = "AppCadernoVirtual", "AppCadernoVirtual\AppCadernoVirtual\AppCadernoVirtual.csproj", "{42C86ADA-0E7B-4DAF-886D-B67A3BBC7420}"
EndProject
Global
	GlobalSection(SolutionConfigurationPlatforms) = preSolution
		Debug|Any CPU = Debug|Any CPU
		Debug|ARM = Debug|ARM
		Debug|iPhone = Debug|iPhone
		Debug|iPhoneSimulator = Debug|iPhoneSimulator
		Debug|x64 = Debug|x64
		Debug|x86 = Debug|x86
		Release|Any CPU = Release|Any CPU
		Release|ARM = Release|ARM
		Release|iPhone = Release|iPhone
		Release|iPhoneSimulator = Release|iPhoneSimulator
		Release|x64 = Release|x64
		Release|x86 = Release|x86
	EndGlobalSection
	GlobalSection(ProjectConfigurationPlatforms) = postSolution
		{03DD6B49-EAEC-4BF2-8FFD-EAF18750116B}.Debug|Any CPU.ActiveCfg = Debug|x64
		{03DD6B49-EAEC-4BF2-8FFD-EAF18750116B}.Debug|Any CPU.Build.0 = Debug|x64
		{03DD6B49-EAEC-4BF2-8FFD-EAF18750116B}.Debug|Any CPU.Deploy.0 = Debug|x64
		{03DD6B49-EAEC-4BF2-8FFD-EAF18750116B}.Debug|ARM.ActiveCfg = Debug|ARM
		{03DD6B49-EAEC-4BF2-8FFD-EAF18750116B}.Debug|ARM.Build.0 = Debug|ARM
		{03DD6B49-EAEC-4BF2-8FFD-EAF18750116B}.Debug|ARM.Deploy.0 = Debug|ARM
		{03DD6B49-EAEC-4BF2-8FFD-EAF18750116B}.Debug|iPhone.ActiveCfg = Debug|x64
		{03DD6B49-EAEC-4BF2-8FFD-EAF18750116B}.Debug|iPhone.Build.0 = Debug|x64
		{03DD6B49-EAEC-4BF2-8FFD-EAF18750116B}.Debug|iPhone.Deploy.0 = Debug|x64
		{03DD6B49-EAEC-4BF2-8FFD-EAF18750116B}.Debug|iPhoneSimulator.ActiveCfg = Debug|x64
		{03DD6B49-EAEC-4BF2-8FFD-EAF18750116B}.Debug|iPhoneSimulator.Build.0 = Debug|x64
		{03DD6B49-EAEC-4BF2-8FFD-EAF18750116B}.Debug|iPhoneSimulator.Deploy.0 = Debug|x64
		{03DD6B49-EAEC-4BF2-8FFD-EAF18750116B}.Debug|x64.ActiveCfg = Debug|x64
		{03DD6B49-EAEC-4BF2-8FFD-EAF18750116B}.Debug|x64.Build.0 = Debug|x64
		{03DD6B49-EAEC-4BF2-8FFD-EAF18750116B}.Debug|x64.Deploy.0 = Debug|x64
		{03DD6B49-EAEC-4BF2-8FFD-EAF18750116B}.Debug|x86.ActiveCfg = Debug|x86
		{03DD6B49-EAEC-4BF2-8FFD-EAF18750116B}.Debug|x86.Build.0 = Debug|x86
		{03DD6B49-EAEC-4BF2-8FFD-EAF18750116B}.Debug|x86.Deploy.0 = Debug|x86
		{03DD6B49-EAEC-4BF2-8FFD-EAF18750116B}.Release|Any CPU.ActiveCfg = Release|x64
		{03DD6B49-EAEC-4BF2-8FFD-EAF18750116B}.Release|Any CPU.Build.0 = Release|x64
		{03DD6B49-EAEC-4BF2-8FFD-EAF18750116B}.Release|Any CPU.Deploy.0 = Release|x64
		{03DD6B49-EAEC-4BF2-8FFD-EAF18750116B}.Release|ARM.ActiveCfg = Release|ARM
		{03DD6B49-EAEC-4BF2-8FFD-EAF18750116B}.Release|ARM.Build.0 = Release|ARM
		{03DD6B49-EAEC-4BF2-8FFD-EAF18750116B}.Release|ARM.Deploy.0 = Release|ARM
		{03DD6B49-EAEC-4BF2-8FFD-EAF18750116B}.Release|iPhone.ActiveCfg = Release|x64
		{03DD6B49-EAEC-4BF2-8FFD-EAF18750116B}.Release|iPhone.Build.0 = Release|x64
		{03DD6B49-EAEC-4BF2-8FFD-EAF18750116B}.Release|iPhone.Deploy.0 = Release|x64
		{03DD6B49-EAEC-4BF2-8FFD-EAF18750116B}.Release|iPhoneSimulator.ActiveCfg = Release|x64
		{03DD6B49-EAEC-4BF2-8FFD-EAF18750116B}.Release|iPhoneSimulator.Build.0 = Release|x64
		{03DD6B49-EAEC-4BF2-8FFD-EAF18750116B}.Release|iPhoneSimulator.Deploy.0 = Release|x64
		{03DD6B49-EAEC-4BF2-8FFD-EAF18750116B}.Release|x64.ActiveCfg = Release|x64
		{03DD6B49-EAEC-4BF2-8FFD-EAF18750116B}.Release|x64.Build.0 = Release|x64
		{03DD6B49-EAEC-4BF2-8FFD-EAF18750116B}.Release|x64.Deploy.0 = Release|x64
		{03DD6B49-EAEC-4BF2-8FFD-EAF18750116B}.Release|x86.ActiveCfg = Release|x86
		{03DD6B49-EAEC-4BF2-8FFD-EAF18750116B}.Release|x86.Build.0 = Release|x86
		{03DD6B49-EAEC-4BF2-8FFD-EAF18750116B}.Release|x86.Deploy.0 = Release|x86
		{759E6F00-FA8B-4E87-A4EB-1D2E5D083E08}.Debug|Any CPU.ActiveCfg = Debug|Any CPU
		{759E6F00-FA8B-4E87-A4EB-1D2E5D083E08}.Debug|Any CPU.Build.0 = Debug|Any CPU
		{759E6F00-FA8B-4E87-A4EB-1D2E5D083E08}.Debug|Any CPU.Deploy.0 = Debug|Any CPU
		{759E6F00-FA8B-4E87-A4EB-1D2E5D083E08}.Debug|ARM.ActiveCfg = Debug|Any CPU
		{759E6F00-FA8B-4E87-A4EB-1D2E5D083E08}.Debug|ARM.Build.0 = Debug|Any CPU
		{759E6F00-FA8B-4E87-A4EB-1D2E5D083E08}.Debug|ARM.Deploy.0 = Debug|Any CPU
		{759E6F00-FA8B-4E87-A4EB-1D2E5D083E08}.Debug|iPhone.ActiveCfg = Debug|Any CPU
		{759E6F00-FA8B-4E87-A4EB-1D2E5D083E08}.Debug|iPhone.Build.0 = Debug|Any CPU
		{759E6F00-FA8B-4E87-A4EB-1D2E5D083E08}.Debug|iPhone.Deploy.0 = Debug|Any CPU
		{759E6F00-FA8B-4E87-A4EB-1D2E5D083E08}.Debug|iPhoneSimulator.ActiveCfg = Debug|Any CPU
		{759E6F00-FA8B-4E87-A4EB-1D2E5D083E08}.Debug|iPhoneSimulator.Build.0 = Debug|Any CPU
		{759E6F00-FA8B-4E87-A4EB-1D2E5D083E08}.Debug|iPhoneSimulator.Deploy.0 = Debug|Any CPU
		{759E6F00-FA8B-4E87-A4EB-1D2E5D083E08}.Debug|x64.ActiveCfg = Debug|Any CPU
		{759E6F00-FA8B-4E87-A4EB-1D2E5D083E08}.Debug|x64.Build.0 = Debug|Any CPU
		{759E6F00-FA8B-4E87-A4EB-1D2E5D083E08}.Debug|x64.Deploy.0 = Debug|Any CPU
		{759E6F00-FA8B-4E87-A4EB-1D2E5D083E08}.Debug|x86.ActiveCfg = Debug|Any CPU
		{759E6F00-FA8B-4E87-A4EB-1D2E5D083E08}.Debug|x86.Build.0 = Debug|Any CPU
		{759E6F00-FA8B-4E87-A4EB-1D2E5D083E08}.Debug|x86.Deploy.0 = Debug|Any CPU
		{759E6F00-FA8B-4E87-A4EB-1D2E5D083E08}.Release|Any CPU.ActiveCfg = Release|Any CPU
		{759E6F00-FA8B-4E87-A4EB-1D2E5D083E08}.Release|Any CPU.Build.0 = Release|Any CPU
		{759E6F00-FA8B-4E87-A4EB-1D2E5D083E08}.Release|Any CPU.Deploy.0 = Release|Any CPU
		{759E6F00-FA8B-4E87-A4EB-1D2E5D083E08}.Release|ARM.ActiveCfg = Release|Any CPU
		{759E6F00-FA8B-4E87-A4EB-1D2E5D083E08}.Release|ARM.Build.0 = Release|Any CPU
		{759E6F00-FA8B-4E87-A4EB-1D2E5D083E08}.Release|ARM.Deploy.0 = Release|Any CPU
		{759E6F00-FA8B-4E87-A4EB-1D2E5D083E08}.Release|iPhone.ActiveCfg = Release|Any CPU
		{759E6F00-FA8B-4E87-A4EB-1D2E5D083E08}.Release|iPhone.Build.0 = Release|Any CPU
		{759E6F00-FA8B-4E87-A4EB-1D2E5D083E08}.Release|iPhone.Deploy.0 = Release|Any CPU
		{759E6F00-FA8B-4E87-A4EB-1D2E5D083E08}.Release|iPhoneSimulator.ActiveCfg = Release|Any CPU
		{759E6F00-FA8B-4E87-A4EB-1D2E5D083E08}.Release|iPhoneSimulator.Build.0 = Release|Any CPU
		{759E6F00-FA8B-4E87-A4EB-1D2E5D083E08}.Release|iPhoneSimulator.Deploy.0 = Release|Any CPU
		{759E6F00-FA8B-4E87-A4EB-1D2E5D083E08}.Release|x64.ActiveCfg = Release|Any CPU
		{759E6F00-FA8B-4E87-A4EB-1D2E5D083E08}.Release|x64.Build.0 = Release|Any CPU
		{759E6F00-FA8B-4E87-A4EB-1D2E5D083E08}.Release|x64.Deploy.0 = Release|Any CPU
		{759E6F00-FA8B-4E87-A4EB-1D2E5D083E08}.Release|x86.ActiveCfg = Release|Any CPU
		{759E6F00-FA8B-4E87-A4EB-1D2E5D083E08}.Release|x86.Build.0 = Release|Any CPU
		{759E6F00-FA8B-4E87-A4EB-1D2E5D083E08}.Release|x86.Deploy.0 = Release|Any CPU
		{6C9445A8-4326-48C0-8B31-5703ABBC586B}.Debug|Any CPU.ActiveCfg = Debug|iPhoneSimulator
		{6C9445A8-4326-48C0-8B31-5703ABBC586B}.Debug|Any CPU.Build.0 = Debug|iPhoneSimulator
		{6C9445A8-4326-48C0-8B31-5703ABBC586B}.Debug|Any CPU.Deploy.0 = Debug|iPhoneSimulator
		{6C9445A8-4326-48C0-8B31-5703ABBC586B}.Debug|ARM.ActiveCfg = Debug|iPhoneSimulator
		{6C9445A8-4326-48C0-8B31-5703ABBC586B}.Debug|ARM.Build.0 = Debug|iPhoneSimulator
		{6C9445A8-4326-48C0-8B31-5703ABBC586B}.Debug|ARM.Deploy.0 = Debug|iPhoneSimulator
		{6C9445A8-4326-48C0-8B31-5703ABBC586B}.Debug|iPhone.ActiveCfg = Debug|iPhone
		{6C9445A8-4326-48C0-8B31-5703ABBC586B}.Debug|iPhone.Build.0 = Debug|iPhone
		{6C9445A8-4326-48C0-8B31-5703ABBC586B}.Debug|iPhone.Deploy.0 = Debug|iPhone
		{6C9445A8-4326-48C0-8B31-5703ABBC586B}.Debug|iPhoneSimulator.ActiveCfg = Debug|iPhoneSimulator
		{6C9445A8-4326-48C0-8B31-5703ABBC586B}.Debug|iPhoneSimulator.Build.0 = Debug|iPhoneSimulator
		{6C9445A8-4326-48C0-8B31-5703ABBC586B}.Debug|iPhoneSimulator.Deploy.0 = Debug|iPhoneSimulator
		{6C9445A8-4326-48C0-8B31-5703ABBC586B}.Debug|x64.ActiveCfg = Debug|iPhone
		{6C9445A8-4326-48C0-8B31-5703ABBC586B}.Debug|x64.Build.0 = Debug|iPhone
		{6C9445A8-4326-48C0-8B31-5703ABBC586B}.Debug|x64.Deploy.0 = Debug|iPhone
		{6C9445A8-4326-48C0-8B31-5703ABBC586B}.Debug|x86.ActiveCfg = Debug|iPhoneSimulator
		{6C9445A8-4326-48C0-8B31-5703ABBC586B}.Debug|x86.Build.0 = Debug|iPhoneSimulator
		{6C9445A8-4326-48C0-8B31-5703ABBC586B}.Debug|x86.Deploy.0 = Debug|iPhoneSimulator
		{6C9445A8-4326-48C0-8B31-5703ABBC586B}.Release|Any CPU.ActiveCfg = Release|iPhoneSimulator
		{6C9445A8-4326-48C0-8B31-5703ABBC586B}.Release|Any CPU.Build.0 = Release|iPhoneSimulator
		{6C9445A8-4326-48C0-8B31-5703ABBC586B}.Release|Any CPU.Deploy.0 = Release|iPhoneSimulator
		{6C9445A8-4326-48C0-8B31-5703ABBC586B}.Release|ARM.ActiveCfg = Release|iPhoneSimulator
		{6C9445A8-4326-48C0-8B31-5703ABBC586B}.Release|ARM.Build.0 = Release|iPhoneSimulator
		{6C9445A8-4326-48C0-8B31-5703ABBC586B}.Release|ARM.Deploy.0 = Release|iPhoneSimulator
		{6C9445A8-4326-48C0-8B31-5703ABBC586B}.Release|iPhone.ActiveCfg = Release|iPhone
		{6C9445A8-4326-48C0-8B31-5703ABBC586B}.Release|iPhone.Build.0 = Release|iPhone
		{6C9445A8-4326-48C0-8B31-5703ABBC586B}.Release|iPhone.Deploy.0 = Release|iPhone
		{6C9445A8-4326-48C0-8B31-5703ABBC586B}.Release|iPhoneSimulator.ActiveCfg = Release|iPhoneSimulator
		{6C9445A8-4326-48C0-8B31-5703ABBC586B}.Release|iPhoneSimulator.Build.0 = Release|iPhoneSimulator
		{6C9445A8-4326-48C0-8B31-5703ABBC586B}.Release|iPhoneSimulator.Deploy.0 = Release|iPhoneSimulator
		{6C9445A8-4326-48C0-8B31-5703ABBC586B}.Release|x64.ActiveCfg = Release|iPhoneSimulator
		{6C9445A8-4326-48C0-8B31-5703ABBC586B}.Release|x64.Build.0 = Release|iPhoneSimulator
		{6C9445A8-4326-48C0-8B31-5703ABBC586B}.Release|x64.Deploy.0 = Release|iPhoneSimulator
		{6C9445A8-4326-48C0-8B31-5703ABBC586B}.Release|x86.ActiveCfg = Release|iPhoneSimulator
		{6C9445A8-4326-48C0-8B31-5703ABBC586B}.Release|x86.Build.0 = Release|iPhoneSimulator
		{6C9445A8-4326-48C0-8B31-5703ABBC586B}.Release|x86.Deploy.0 = Release|iPhoneSimulator
		{42C86ADA-0E7B-4DAF-886D-B67A3BBC7420}.Debug|Any CPU.ActiveCfg = Debug|Any CPU
		{42C86ADA-0E7B-4DAF-886D-B67A3BBC7420}.Debug|Any CPU.Build.0 = Debug|Any CPU
		{42C86ADA-0E7B-4DAF-886D-B67A3BBC7420}.Debug|Any CPU.Deploy.0 = Debug|Any CPU
		{42C86ADA-0E7B-4DAF-886D-B67A3BBC7420}.Debug|ARM.ActiveCfg = Debug|Any CPU
		{42C86ADA-0E7B-4DAF-886D-B67A3BBC7420}.Debug|ARM.Build.0 = Debug|Any CPU
		{42C86ADA-0E7B-4DAF-886D-B67A3BBC7420}.Debug|ARM.Deploy.0 = Debug|Any CPU
		{42C86ADA-0E7B-4DAF-886D-B67A3BBC7420}.Debug|iPhone.ActiveCfg = Debug|Any CPU
		{42C86ADA-0E7B-4DAF-886D-B67A3BBC7420}.Debug|iPhone.Build.0 = Debug|Any CPU
		{42C86ADA-0E7B-4DAF-886D-B67A3BBC7420}.Debug|iPhone.Deploy.0 = Debug|Any CPU
		{42C86ADA-0E7B-4DAF-886D-B67A3BBC7420}.Debug|iPhoneSimulator.ActiveCfg = Debug|Any CPU
		{42C86ADA-0E7B-4DAF-886D-B67A3BBC7420}.Debug|iPhoneSimulator.Build.0 = Debug|Any CPU
		{42C86ADA-0E7B-4DAF-886D-B67A3BBC7420}.Debug|iPhoneSimulator.Deploy.0 = Debug|Any CPU
		{42C86ADA-0E7B-4DAF-886D-B67A3BBC7420}.Debug|x64.ActiveCfg = Debug|Any CPU
		{42C86ADA-0E7B-4DAF-886D-B67A3BBC7420}.Debug|x64.Build.0 = Debug|Any CPU
		{42C86ADA-0E7B-4DAF-886D-B67A3BBC7420}.Debug|x64.Deploy.0 = Debug|Any CPU
		{42C86ADA-0E7B-4DAF-886D-B67A3BBC7420}.Debug|x86.ActiveCfg = Debug|Any CPU
		{42C86ADA-0E7B-4DAF-886D-B67A3BBC7420}.Debug|x86.Build.0 = Debug|Any CPU
		{42C86ADA-0E7B-4DAF-886D-B67A3BBC7420}.Debug|x86.Deploy.0 = Debug|Any CPU
		{42C86ADA-0E7B-4DAF-886D-B67A3BBC7420}.Release|Any CPU.ActiveCfg = Release|Any CPU
		{42C86ADA-0E7B-4DAF-886D-B67A3BBC7420}.Release|Any CPU.Build.0 = Release|Any CPU
		{42C86ADA-0E7B-4DAF-886D-B67A3BBC7420}.Release|Any CPU.Deploy.0 = Release|Any CPU
		{42C86ADA-0E7B-4DAF-886D-B67A3BBC7420}.Release|ARM.ActiveCfg = Release|Any CPU
		{42C86ADA-0E7B-4DAF-886D-B67A3BBC7420}.Release|ARM.Build.0 = Release|Any CPU
		{42C86ADA-0E7B-4DAF-886D-B67A3BBC7420}.Release|ARM.Deploy.0 = Release|Any CPU
		{42C86ADA-0E7B-4DAF-886D-B67A3BBC7420}.Release|iPhone.ActiveCfg = Release|Any CPU
		{42C86ADA-0E7B-4DAF-886D-B67A3BBC7420}.Release|iPhone.Build.0 = Release|Any CPU
		{42C86ADA-0E7B-4DAF-886D-B67A3BBC7420}.Release|iPhone.Deploy.0 = Release|Any CPU
		{42C86ADA-0E7B-4DAF-886D-B67A3BBC7420}.Release|iPhoneSimulator.ActiveCfg = Release|Any CPU
		{42C86ADA-0E7B-4DAF-886D-B67A3BBC7420}.Release|iPhoneSimulator.Build.0 = Release|Any CPU
		{42C86ADA-0E7B-4DAF-886D-B67A3BBC7420}.Release|iPhoneSimulator.Deploy.0 = Release|Any CPU
		{42C86ADA-0E7B-4DAF-886D-B67A3BBC7420}.Release|x64.ActiveCfg = Release|Any CPU
		{42C86ADA-0E7B-4DAF-886D-B67A3BBC7420}.Release|x64.Build.0 = Release|Any CPU
		{42C86ADA-0E7B-4DAF-886D-B67A3BBC7420}.Release|x64.Deploy.0 = Release|Any CPU
		{42C86ADA-0E7B-4DAF-886D-B67A3BBC7420}.Release|x86.ActiveCfg = Release|Any CPU
		{42C86ADA-0E7B-4DAF-886D-B67A3BBC7420}.Release|x86.Build.0 = Release|Any CPU
		{42C86ADA-0E7B-4DAF-886D-B67A3BBC7420}.Release|x86.Deploy.0 = Release|Any CPU
	EndGlobalSection
	GlobalSection(SolutionProperties) = preSolution
		HideSolutionNode = FALSE
	EndGlobalSection
	GlobalSection(ExtensibilityGlobals) = postSolution
		SolutionGuid = {68337A8E-C900-4644-940A-92E639DB21FB}
	EndGlobalSection
EndGlobal
